
Microsoft Visual Studio Solution File, Format Version 12.00
# Visual Studio Version 17
VisualStudioVersion = 17.4.33205.214
MinimumVisualStudioVersion = 10.0.40219.1
Project("{FAE04EC0-301F-11D3-BF4B-00C04F79EFBC}") = "FullStack.API", "FullStack.API\FullStack.API.csproj", "{67835D8B-9ED1-468E-A72C-4A682CBBF437}"
EndProject
Global
	GlobalSection(SolutionConfigurationPlatforms) = preSolution
		Debug|Any CPU = Debug|Any CPU
		Release|Any CPU = Release|Any CPU
	EndGlobalSection
	GlobalSection(ProjectConfigurationPlatforms) = postSolution
		{67835D8B-9ED1-468E-A72C-4A682CBBF437}.Debug|Any CPU.ActiveCfg = Debug|Any CPU
		{67835D8B-9ED1-468E-A72C-4A682CBBF437}.Debug|Any CPU.Build.0 = Debug|Any CPU
		{67835D8B-9ED1-468E-A72C-4A682CBBF437}.Release|Any CPU.ActiveCfg = Release|Any CPU
		{67835D8B-9ED1-468E-A72C-4A682CBBF437}.Release|Any CPU.Build.0 = Release|Any CPU
	EndGlobalSection
	GlobalSection(SolutionProperties) = preSolution
		HideSolutionNode = FALSE
	EndGlobalSection
	GlobalSection(ExtensibilityGlobals) = postSolution
		SolutionGuid = {7448D8CF-13F0-4E4D-8A57-2A168FC69F94}
	EndGlobalSection
EndGlobal
